
Microsoft Visual Studio Solution File, Format Version 12.00
# Visual Studio Version 16
VisualStudioVersion = 16.0.32413.511
MinimumVisualStudioVersion = 10.0.40219.1
Project("{FAE04EC0-301F-11D3-BF4B-00C04F79EFBC}") = "ChangJet", "ChangJet\ChangJet.csproj", "{BD80784C-A7DA-4178-AA9D-C4EEB4229502}"
EndProject
Project("{FAE04EC0-301F-11D3-BF4B-00C04F79EFBC}") = "H3.BizBus", "H3.BizBus\H3.BizBus.csproj", "{0F492E87-AB0F-4635-9F61-B1309061B435}"
EndProject
Global
	GlobalSection(SolutionConfigurationPlatforms) = preSolution
		Debug|Any CPU = Debug|Any CPU
		Release|Any CPU = Release|Any CPU
	EndGlobalSection
	GlobalSection(ProjectConfigurationPlatforms) = postSolution
		{BD80784C-A7DA-4178-AA9D-C4EEB4229502}.Debug|Any CPU.ActiveCfg = Debug|Any CPU
		{BD80784C-A7DA-4178-AA9D-C4EEB4229502}.Debug|Any CPU.Build.0 = Debug|Any CPU
		{BD80784C-A7DA-4178-AA9D-C4EEB4229502}.Release|Any CPU.ActiveCfg = Release|Any CPU
		{BD80784C-A7DA-4178-AA9D-C4EEB4229502}.Release|Any CPU.Build.0 = Release|Any CPU
		{0F492E87-AB0F-4635-9F61-B1309061B435}.Debug|Any CPU.ActiveCfg = Debug|Any CPU
		{0F492E87-AB0F-4635-9F61-B1309061B435}.Debug|Any CPU.Build.0 = Debug|Any CPU
		{0F492E87-AB0F-4635-9F61-B1309061B435}.Release|Any CPU.ActiveCfg = Release|Any CPU
		{0F492E87-AB0F-4635-9F61-B1309061B435}.Release|Any CPU.Build.0 = Release|Any CPU
	EndGlobalSection
	GlobalSection(SolutionProperties) = preSolution
		HideSolutionNode = FALSE
	EndGlobalSection
	GlobalSection(ExtensibilityGlobals) = postSolution
		SolutionGuid = {0ABADE16-843F-4F4F-975A-C2E7081EBD75}
	EndGlobalSection
EndGlobal
